
Microsoft Visual Studio Solution File, Format Version 12.00
# Visual Studio Version 17
VisualStudioVersion = 17.13.35825.156 d17.13
MinimumVisualStudioVersion = 10.0.40219.1
Project("{FAE04EC0-301F-11D3-BF4B-00C04F79EFBC}") = "MultithreadingTutorial", "MultithreadingTutorial\MultithreadingTutorial.csproj", "{97E0F763-D4AB-498C-ABBD-78B35E1BD7A6}"
EndProject
Project("{FAE04EC0-301F-11D3-BF4B-00C04F79EFBC}") = "WeatherApp", "WeatherApp\WeatherApp.csproj", "{54AD5067-2A56-FC78-083A-2309D2D8D907}"
EndProject
Global
	GlobalSection(SolutionConfigurationPlatforms) = preSolution
		Debug|Any CPU = Debug|Any CPU
		Release|Any CPU = Release|Any CPU
	EndGlobalSection
	GlobalSection(ProjectConfigurationPlatforms) = postSolution
		{97E0F763-D4AB-498C-ABBD-78B35E1BD7A6}.Debug|Any CPU.ActiveCfg = Debug|Any CPU
		{97E0F763-D4AB-498C-ABBD-78B35E1BD7A6}.Debug|Any CPU.Build.0 = Debug|Any CPU
		{97E0F763-D4AB-498C-ABBD-78B35E1BD7A6}.Release|Any CPU.ActiveCfg = Release|Any CPU
		{97E0F763-D4AB-498C-ABBD-78B35E1BD7A6}.Release|Any CPU.Build.0 = Release|Any CPU
		{54AD5067-2A56-FC78-083A-2309D2D8D907}.Debug|Any CPU.ActiveCfg = Debug|Any CPU
		{54AD5067-2A56-FC78-083A-2309D2D8D907}.Debug|Any CPU.Build.0 = Debug|Any CPU
		{54AD5067-2A56-FC78-083A-2309D2D8D907}.Release|Any CPU.ActiveCfg = Release|Any CPU
		{54AD5067-2A56-FC78-083A-2309D2D8D907}.Release|Any CPU.Build.0 = Release|Any CPU
	EndGlobalSection
	GlobalSection(SolutionProperties) = preSolution
		HideSolutionNode = FALSE
	EndGlobalSection
	GlobalSection(ExtensibilityGlobals) = postSolution
		SolutionGuid = {AB87F08C-4A1F-476A-9E59-771938EBCEC0}
	EndGlobalSection
EndGlobal
